// !$*UTF8*$!
{
	archiveVersion = 1;
	classes = {
	};
	objectVersion = 51;
	objects = {

/* Begin PBXBuildFile section */
		121C8C7324DD5BB9004ED8BA /* unsplash_the_krakenTests.swift in Sources */ = {isa = PBXBuildFile; fileRef = 121C8C7224DD5BB9004ED8BA /* unsplash_the_krakenTests.swift */; };
		121C8C7B24DD8B2E004ED8BA /* MockPhotoCollectionPresenter.swift in Sources */ = {isa = PBXBuildFile; fileRef = 121C8C7A24DD8B2D004ED8BA /* MockPhotoCollectionPresenter.swift */; };
		121C8C7D24DD8C81004ED8BA /* MockPhotoData.swift in Sources */ = {isa = PBXBuildFile; fileRef = 121C8C7C24DD8C81004ED8BA /* MockPhotoData.swift */; };
		1221BD1724DAA89800739A71 /* PhotoCollectionPresenter.swift in Sources */ = {isa = PBXBuildFile; fileRef = 1221BD1624DAA89800739A71 /* PhotoCollectionPresenter.swift */; };
		1221BD1924DAA8CF00739A71 /* PhotoImageViewModel.swift in Sources */ = {isa = PBXBuildFile; fileRef = 1221BD1824DAA8CF00739A71 /* PhotoImageViewModel.swift */; };
		127B34F5237FDA77007C7E8F /* AppDelegate.swift in Sources */ = {isa = PBXBuildFile; fileRef = 127B34F4237FDA77007C7E8F /* AppDelegate.swift */; };
		127B34F7237FDA77007C7E8F /* SceneDelegate.swift in Sources */ = {isa = PBXBuildFile; fileRef = 127B34F6237FDA77007C7E8F /* SceneDelegate.swift */; };
		127B34FC237FDA77007C7E8F /* Main.storyboard in Resources */ = {isa = PBXBuildFile; fileRef = 127B34FA237FDA77007C7E8F /* Main.storyboard */; };
		127B34FE237FDA78007C7E8F /* Assets.xcassets in Resources */ = {isa = PBXBuildFile; fileRef = 127B34FD237FDA78007C7E8F /* Assets.xcassets */; };
		127B3501237FDA78007C7E8F /* LaunchScreen.storyboard in Resources */ = {isa = PBXBuildFile; fileRef = 127B34FF237FDA78007C7E8F /* LaunchScreen.storyboard */; };
		127B3509237FDDA5007C7E8F /* PhotoCollectionViewController.swift in Sources */ = {isa = PBXBuildFile; fileRef = 127B3508237FDDA5007C7E8F /* PhotoCollectionViewController.swift */; };
		127B350B237FDE1C007C7E8F /* PhotoCollectionViewCell.swift in Sources */ = {isa = PBXBuildFile; fileRef = 127B350A237FDE1C007C7E8F /* PhotoCollectionViewCell.swift */; };
		127B350D238008E7007C7E8F /* PhotoImageDataModel.swift in Sources */ = {isa = PBXBuildFile; fileRef = 127B350C238008E7007C7E8F /* PhotoImageDataModel.swift */; };
		D7267D5860A1024181045017 /* Pods_unsplash_the_kraken.framework in Frameworks */ = {isa = PBXBuildFile; fileRef = EBB7A87D442A4CAA232A628E /* Pods_unsplash_the_kraken.framework */; };
/* End PBXBuildFile section */

/* Begin PBXContainerItemProxy section */
		121C8C7524DD5BB9004ED8BA /* PBXContainerItemProxy */ = {
			isa = PBXContainerItemProxy;
			containerPortal = 127B34E9237FDA77007C7E8F /* Project object */;
			proxyType = 1;
			remoteGlobalIDString = 127B34F0237FDA77007C7E8F;
			remoteInfo = "unsplash-the-kraken";
		};
/* End PBXContainerItemProxy section */

/* Begin PBXFileReference section */
		039A8B61D01AFF9B7814C0C8 /* Pods-unsplash-the-kraken.debug.xcconfig */ = {isa = PBXFileReference; includeInIndex = 1; lastKnownFileType = text.xcconfig; name = "Pods-unsplash-the-kraken.debug.xcconfig"; path = "Target Support Files/Pods-unsplash-the-kraken/Pods-unsplash-the-kraken.debug.xcconfig"; sourceTree = "<group>"; };
		121C8C7024DD5BB9004ED8BA /* unsplash-the-krakenTests.xctest */ = {isa = PBXFileReference; explicitFileType = wrapper.cfbundle; includeInIndex = 0; path = "unsplash-the-krakenTests.xctest"; sourceTree = BUILT_PRODUCTS_DIR; };
		121C8C7224DD5BB9004ED8BA /* unsplash_the_krakenTests.swift */ = {isa = PBXFileReference; lastKnownFileType = sourcecode.swift; path = unsplash_the_krakenTests.swift; sourceTree = "<group>"; };
		121C8C7424DD5BB9004ED8BA /* Info.plist */ = {isa = PBXFileReference; lastKnownFileType = text.plist.xml; path = Info.plist; sourceTree = "<group>"; };
		121C8C7A24DD8B2D004ED8BA /* MockPhotoCollectionPresenter.swift */ = {isa = PBXFileReference; lastKnownFileType = sourcecode.swift; path = MockPhotoCollectionPresenter.swift; sourceTree = "<group>"; };
		121C8C7C24DD8C81004ED8BA /* MockPhotoData.swift */ = {isa = PBXFileReference; lastKnownFileType = sourcecode.swift; path = MockPhotoData.swift; sourceTree = "<group>"; };
		1221BD1624DAA89800739A71 /* PhotoCollectionPresenter.swift */ = {isa = PBXFileReference; lastKnownFileType = sourcecode.swift; path = PhotoCollectionPresenter.swift; sourceTree = "<group>"; };
		1221BD1824DAA8CF00739A71 /* PhotoImageViewModel.swift */ = {isa = PBXFileReference; lastKnownFileType = sourcecode.swift; path = PhotoImageViewModel.swift; sourceTree = "<group>"; };
		127B34F1237FDA77007C7E8F /* unsplash-the-kraken.app */ = {isa = PBXFileReference; explicitFileType = wrapper.application; includeInIndex = 0; path = "unsplash-the-kraken.app"; sourceTree = BUILT_PRODUCTS_DIR; };
		127B34F4237FDA77007C7E8F /* AppDelegate.swift */ = {isa = PBXFileReference; lastKnownFileType = sourcecode.swift; path = AppDelegate.swift; sourceTree = "<group>"; };
		127B34F6237FDA77007C7E8F /* SceneDelegate.swift */ = {isa = PBXFileReference; lastKnownFileType = sourcecode.swift; path = SceneDelegate.swift; sourceTree = "<group>"; };
		127B34FB237FDA77007C7E8F /* Base */ = {isa = PBXFileReference; lastKnownFileType = file.storyboard; name = Base; path = Base.lproj/Main.storyboard; sourceTree = "<group>"; };
		127B34FD237FDA78007C7E8F /* Assets.xcassets */ = {isa = PBXFileReference; lastKnownFileType = folder.assetcatalog; path = Assets.xcassets; sourceTree = "<group>"; };
		127B3500237FDA78007C7E8F /* Base */ = {isa = PBXFileReference; lastKnownFileType = file.storyboard; name = Base; path = Base.lproj/LaunchScreen.storyboard; sourceTree = "<group>"; };
		127B3502237FDA78007C7E8F /* Info.plist */ = {isa = PBXFileReference; lastKnownFileType = text.plist.xml; path = Info.plist; sourceTree = "<group>"; };
		127B3508237FDDA5007C7E8F /* PhotoCollectionViewController.swift */ = {isa = PBXFileReference; lastKnownFileType = sourcecode.swift; path = PhotoCollectionViewController.swift; sourceTree = "<group>"; };
		127B350A237FDE1C007C7E8F /* PhotoCollectionViewCell.swift */ = {isa = PBXFileReference; lastKnownFileType = sourcecode.swift; path = PhotoCollectionViewCell.swift; sourceTree = "<group>"; };
		127B350C238008E7007C7E8F /* PhotoImageDataModel.swift */ = {isa = PBXFileReference; lastKnownFileType = sourcecode.swift; path = PhotoImageDataModel.swift; sourceTree = "<group>"; };
		75AF23105FBE97EDE8662B2A /* Pods-unsplash-the-kraken.release.xcconfig */ = {isa = PBXFileReference; includeInIndex = 1; lastKnownFileType = text.xcconfig; name = "Pods-unsplash-the-kraken.release.xcconfig"; path = "Target Support Files/Pods-unsplash-the-kraken/Pods-unsplash-the-kraken.release.xcconfig"; sourceTree = "<group>"; };
		EBB7A87D442A4CAA232A628E /* Pods_unsplash_the_kraken.framework */ = {isa = PBXFileReference; explicitFileType = wrapper.framework; includeInIndex = 0; path = Pods_unsplash_the_kraken.framework; sourceTree = BUILT_PRODUCTS_DIR; };
/* End PBXFileReference section */

/* Begin PBXFrameworksBuildPhase section */
		121C8C6D24DD5BB9004ED8BA /* Frameworks */ = {
			isa = PBXFrameworksBuildPhase;
			buildActionMask = 2147483647;
			files = (
			);
			runOnlyForDeploymentPostprocessing = 0;
		};
		127B34EE237FDA77007C7E8F /* Frameworks */ = {
			isa = PBXFrameworksBuildPhase;
			buildActionMask = 2147483647;
			files = (
				D7267D5860A1024181045017 /* Pods_unsplash_the_kraken.framework in Frameworks */,
			);
			runOnlyForDeploymentPostprocessing = 0;
		};
/* End PBXFrameworksBuildPhase section */

/* Begin PBXGroup section */
		121C8C7124DD5BB9004ED8BA /* unsplash-the-krakenTests */ = {
			isa = PBXGroup;
			children = (
				121C8C7224DD5BB9004ED8BA /* unsplash_the_krakenTests.swift */,
				121C8C7424DD5BB9004ED8BA /* Info.plist */,
				121C8C7A24DD8B2D004ED8BA /* MockPhotoCollectionPresenter.swift */,
				121C8C7C24DD8C81004ED8BA /* MockPhotoData.swift */,
			);
			path = "unsplash-the-krakenTests";
			sourceTree = "<group>";
		};
		1221BD1224DAA83D00739A71 /* model */ = {
			isa = PBXGroup;
			children = (
				127B350C238008E7007C7E8F /* PhotoImageDataModel.swift */,
				1221BD1824DAA8CF00739A71 /* PhotoImageViewModel.swift */,
			);
			path = model;
			sourceTree = "<group>";
		};
		1221BD1324DAA84800739A71 /* presenter */ = {
			isa = PBXGroup;
			children = (
				1221BD1624DAA89800739A71 /* PhotoCollectionPresenter.swift */,
			);
			path = presenter;
			sourceTree = "<group>";
		};
		1221BD1424DAA84F00739A71 /* view */ = {
			isa = PBXGroup;
			children = (
				127B350A237FDE1C007C7E8F /* PhotoCollectionViewCell.swift */,
				127B3508237FDDA5007C7E8F /* PhotoCollectionViewController.swift */,
			);
			path = view;
			sourceTree = "<group>";
		};
		1221BD1524DAA85900739A71 /* ui */ = {
			isa = PBXGroup;
			children = (
				127B34FA237FDA77007C7E8F /* Main.storyboard */,
				127B34FF237FDA78007C7E8F /* LaunchScreen.storyboard */,
			);
			path = ui;
			sourceTree = "<group>";
		};
		127B34E8237FDA77007C7E8F = {
			isa = PBXGroup;
			children = (
				127B34F3237FDA77007C7E8F /* unsplash-the-kraken */,
				121C8C7124DD5BB9004ED8BA /* unsplash-the-krakenTests */,
				127B34F2237FDA77007C7E8F /* Products */,
				AAA1683D91FECD6217D54AA1 /* Pods */,
				71920277AA80432DBA90E01E /* Frameworks */,
			);
			sourceTree = "<group>";
		};
		127B34F2237FDA77007C7E8F /* Products */ = {
			isa = PBXGroup;
			children = (
				127B34F1237FDA77007C7E8F /* unsplash-the-kraken.app */,
				121C8C7024DD5BB9004ED8BA /* unsplash-the-krakenTests.xctest */,
			);
			name = Products;
			sourceTree = "<group>";
		};
		127B34F3237FDA77007C7E8F /* unsplash-the-kraken */ = {
			isa = PBXGroup;
			children = (
				1221BD1524DAA85900739A71 /* ui */,
				1221BD1424DAA84F00739A71 /* view */,
				1221BD1324DAA84800739A71 /* presenter */,
				1221BD1224DAA83D00739A71 /* model */,
				127B34F4237FDA77007C7E8F /* AppDelegate.swift */,
				127B34F6237FDA77007C7E8F /* SceneDelegate.swift */,
				127B34FD237FDA78007C7E8F /* Assets.xcassets */,
				127B3502237FDA78007C7E8F /* Info.plist */,
			);
			path = "unsplash-the-kraken";
			sourceTree = "<group>";
		};
		71920277AA80432DBA90E01E /* Frameworks */ = {
			isa = PBXGroup;
			children = (
				EBB7A87D442A4CAA232A628E /* Pods_unsplash_the_kraken.framework */,
			);
			name = Frameworks;
			sourceTree = "<group>";
		};
		AAA1683D91FECD6217D54AA1 /* Pods */ = {
			isa = PBXGroup;
			children = (
				039A8B61D01AFF9B7814C0C8 /* Pods-unsplash-the-kraken.debug.xcconfig */,
				75AF23105FBE97EDE8662B2A /* Pods-unsplash-the-kraken.release.xcconfig */,
			);
			path = Pods;
			sourceTree = "<group>";
		};
/* End PBXGroup section */

/* Begin PBXNativeTarget section */
		121C8C6F24DD5BB9004ED8BA /* unsplash-the-krakenTests */ = {
			isa = PBXNativeTarget;
			buildConfigurationList = 121C8C7924DD5BBA004ED8BA /* Build configuration list for PBXNativeTarget "unsplash-the-krakenTests" */;
			buildPhases = (
				121C8C6C24DD5BB9004ED8BA /* Sources */,
				121C8C6D24DD5BB9004ED8BA /* Frameworks */,
				121C8C6E24DD5BB9004ED8BA /* Resources */,
			);
			buildRules = (
			);
			dependencies = (
				121C8C7624DD5BB9004ED8BA /* PBXTargetDependency */,
			);
			name = "unsplash-the-krakenTests";
			productName = "unsplash-the-krakenTests";
			productReference = 121C8C7024DD5BB9004ED8BA /* unsplash-the-krakenTests.xctest */;
			productType = "com.apple.product-type.bundle.unit-test";
		};
		127B34F0237FDA77007C7E8F /* unsplash-the-kraken */ = {
			isa = PBXNativeTarget;
			buildConfigurationList = 127B3505237FDA78007C7E8F /* Build configuration list for PBXNativeTarget "unsplash-the-kraken" */;
			buildPhases = (
				3BFBB93612CF512417AD953C /* [CP] Check Pods Manifest.lock */,
				127B34ED237FDA77007C7E8F /* Sources */,
				127B34EE237FDA77007C7E8F /* Frameworks */,
				127B34EF237FDA77007C7E8F /* Resources */,
				8E3F76B38FEB334163D8AAE9 /* [CP] Embed Pods Frameworks */,
			);
			buildRules = (
			);
			dependencies = (
			);
			name = "unsplash-the-kraken";
			productName = "unsplash-the-kraken";
			productReference = 127B34F1237FDA77007C7E8F /* unsplash-the-kraken.app */;
			productType = "com.apple.product-type.application";
		};
/* End PBXNativeTarget section */

/* Begin PBXProject section */
		127B34E9237FDA77007C7E8F /* Project object */ = {
			isa = PBXProject;
			attributes = {
				LastSwiftUpdateCheck = 1130;
				LastUpgradeCheck = 1120;
				ORGANIZATIONNAME = "Adhika gunadarma";
				TargetAttributes = {
					121C8C6F24DD5BB9004ED8BA = {
						CreatedOnToolsVersion = 11.3.1;
						TestTargetID = 127B34F0237FDA77007C7E8F;
					};
					127B34F0237FDA77007C7E8F = {
						CreatedOnToolsVersion = 11.2;
					};
				};
			};
			buildConfigurationList = 127B34EC237FDA77007C7E8F /* Build configuration list for PBXProject "unsplash-the-kraken" */;
			compatibilityVersion = "Xcode 9.3";
			developmentRegion = en;
			hasScannedForEncodings = 0;
			knownRegions = (
				en,
				Base,
			);
			mainGroup = 127B34E8237FDA77007C7E8F;
			productRefGroup = 127B34F2237FDA77007C7E8F /* Products */;
			projectDirPath = "";
			projectRoot = "";
			targets = (
				127B34F0237FDA77007C7E8F /* unsplash-the-kraken */,
				121C8C6F24DD5BB9004ED8BA /* unsplash-the-krakenTests */,
			);
		};
/* End PBXProject section */

/* Begin PBXResourcesBuildPhase section */
		121C8C6E24DD5BB9004ED8BA /* Resources */ = {
			isa = PBXResourcesBuildPhase;
			buildActionMask = 2147483647;
			files = (
			);
			runOnlyForDeploymentPostprocessing = 0;
		};
		127B34EF237FDA77007C7E8F /* Resources */ = {
			isa = PBXResourcesBuildPhase;
			buildActionMask = 2147483647;
			files = (
				127B3501237FDA78007C7E8F /* LaunchScreen.storyboard in Resources */,
				127B34FE237FDA78007C7E8F /* Assets.xcassets in Resources */,
				127B34FC237FDA77007C7E8F /* Main.storyboard in Resources */,
			);
			runOnlyForDeploymentPostprocessing = 0;
		};
/* End PBXResourcesBuildPhase section */

/* Begin PBXShellScriptBuildPhase section */
		3BFBB93612CF512417AD953C /* [CP] Check Pods Manifest.lock */ = {
			isa = PBXShellScriptBuildPhase;
			buildActionMask = 2147483647;
			files = (
			);
			inputFileListPaths = (
			);
			inputPaths = (
				"${PODS_PODFILE_DIR_PATH}/Podfile.lock",
				"${PODS_ROOT}/Manifest.lock",
			);
			name = "[CP] Check Pods Manifest.lock";
			outputFileListPaths = (
			);
			outputPaths = (
				"$(DERIVED_FILE_DIR)/Pods-unsplash-the-kraken-checkManifestLockResult.txt",
			);
			runOnlyForDeploymentPostprocessing = 0;
			shellPath = /bin/sh;
			shellScript = "diff \"${PODS_PODFILE_DIR_PATH}/Podfile.lock\" \"${PODS_ROOT}/Manifest.lock\" > /dev/null\nif [ $? != 0 ] ; then\n    # print error to STDERR\n    echo \"error: The sandbox is not in sync with the Podfile.lock. Run 'pod install' or update your CocoaPods installation.\" >&2\n    exit 1\nfi\n# This output is used by Xcode 'outputs' to avoid re-running this script phase.\necho \"SUCCESS\" > \"${SCRIPT_OUTPUT_FILE_0}\"\n";
			showEnvVarsInLog = 0;
		};
		8E3F76B38FEB334163D8AAE9 /* [CP] Embed Pods Frameworks */ = {
			isa = PBXShellScriptBuildPhase;
			buildActionMask = 2147483647;
			files = (
			);
			inputFileListPaths = (
				"${PODS_ROOT}/Target Support Files/Pods-unsplash-the-kraken/Pods-unsplash-the-kraken-frameworks-${CONFIGURATION}-input-files.xcfilelist",
			);
			name = "[CP] Embed Pods Frameworks";
			outputFileListPaths = (
				"${PODS_ROOT}/Target Support Files/Pods-unsplash-the-kraken/Pods-unsplash-the-kraken-frameworks-${CONFIGURATION}-output-files.xcfilelist",
			);
			runOnlyForDeploymentPostprocessing = 0;
			shellPath = /bin/sh;
			shellScript = "\"${PODS_ROOT}/Target Support Files/Pods-unsplash-the-kraken/Pods-unsplash-the-kraken-frameworks.sh\"\n";
			showEnvVarsInLog = 0;
		};
/* End PBXShellScriptBuildPhase section */

/* Begin PBXSourcesBuildPhase section */
		121C8C6C24DD5BB9004ED8BA /* Sources */ = {
			isa = PBXSourcesBuildPhase;
			buildActionMask = 2147483647;
			files = (
				121C8C7D24DD8C81004ED8BA /* MockPhotoData.swift in Sources */,
				121C8C7324DD5BB9004ED8BA /* unsplash_the_krakenTests.swift in Sources */,
				121C8C7B24DD8B2E004ED8BA /* MockPhotoCollectionPresenter.swift in Sources */,
			);
			runOnlyForDeploymentPostprocessing = 0;
		};
		127B34ED237FDA77007C7E8F /* Sources */ = {
			isa = PBXSourcesBuildPhase;
			buildActionMask = 2147483647;
			files = (
				127B34F5237FDA77007C7E8F /* AppDelegate.swift in Sources */,
				1221BD1924DAA8CF00739A71 /* PhotoImageViewModel.swift in Sources */,
				127B350B237FDE1C007C7E8F /* PhotoCollectionViewCell.swift in Sources */,
				127B3509237FDDA5007C7E8F /* PhotoCollectionViewController.swift in Sources */,
				127B350D238008E7007C7E8F /* PhotoImageDataModel.swift in Sources */,
				127B34F7237FDA77007C7E8F /* SceneDelegate.swift in Sources */,
				1221BD1724DAA89800739A71 /* PhotoCollectionPresenter.swift in Sources */,
			);
			runOnlyForDeploymentPostprocessing = 0;
		};
/* End PBXSourcesBuildPhase section */

/* Begin PBXTargetDependency section */
		121C8C7624DD5BB9004ED8BA /* PBXTargetDependency */ = {
			isa = PBXTargetDependency;
			target = 127B34F0237FDA77007C7E8F /* unsplash-the-kraken */;
			targetProxy = 121C8C7524DD5BB9004ED8BA /* PBXContainerItemProxy */;
		};
/* End PBXTargetDependency section */

/* Begin PBXVariantGroup section */
		127B34FA237FDA77007C7E8F /* Main.storyboard */ = {
			isa = PBXVariantGroup;
			children = (
				127B34FB237FDA77007C7E8F /* Base */,
			);
			name = Main.storyboard;
			sourceTree = "<group>";
		};
		127B34FF237FDA78007C7E8F /* LaunchScreen.storyboard */ = {
			isa = PBXVariantGroup;
			children = (
				127B3500237FDA78007C7E8F /* Base */,
			);
			name = LaunchScreen.storyboard;
			sourceTree = "<group>";
		};
/* End PBXVariantGroup section */

/* Begin XCBuildConfiguration section */
		121C8C7724DD5BB9004ED8BA /* Debug */ = {
			isa = XCBuildConfiguration;
			buildSettings = {
				BUNDLE_LOADER = "$(TEST_HOST)";
				CODE_SIGN_STYLE = Automatic;
				INFOPLIST_FILE = "unsplash-the-krakenTests/Info.plist";
				LD_RUNPATH_SEARCH_PATHS = (
					"$(inherited)",
					"@executable_path/Frameworks",
					"@loader_path/Frameworks",
				);
				PRODUCT_BUNDLE_IDENTIFIER = "adhikagunadarma.example.contactheroku.unsplash-the-krakenTests";
				PRODUCT_NAME = "$(TARGET_NAME)";
				SWIFT_VERSION = 5.0;
				TARGETED_DEVICE_FAMILY = "1,2";
				TEST_HOST = "$(BUILT_PRODUCTS_DIR)/unsplash-the-kraken.app/unsplash-the-kraken";
			};
			name = Debug;
		};
		121C8C7824DD5BB9004ED8BA /* Release */ = {
			isa = XCBuildConfiguration;
			buildSettings = {
				BUNDLE_LOADER = "$(TEST_HOST)";
				CODE_SIGN_STYLE = Automatic;
				INFOPLIST_FILE = "unsplash-the-krakenTests/Info.plist";
				LD_RUNPATH_SEARCH_PATHS = (
					"$(inherited)",
					"@executable_path/Frameworks",
					"@loader_path/Frameworks",
				);
				PRODUCT_BUNDLE_IDENTIFIER = "adhikagunadarma.example.contactheroku.unsplash-the-krakenTests";
				PRODUCT_NAME = "$(TARGET_NAME)";
				SWIFT_VERSION = 5.0;
				TARGETED_DEVICE_FAMILY = "1,2";
				TEST_HOST = "$(BUILT_PRODUCTS_DIR)/unsplash-the-kraken.app/unsplash-the-kraken";
			};
			name = Release;
		};
		127B3503237FDA78007C7E8F /* Debug */ = {
			isa = XCBuildConfiguration;
			buildSettings = {
				ALWAYS_SEARCH_USER_PATHS = NO;
				CLANG_ANALYZER_NONNULL = YES;
				CLANG_ANALYZER_NUMBER_OBJECT_CONVERSION = YES_AGGRESSIVE;
				CLANG_CXX_LANGUAGE_STANDARD = "gnu++14";
				CLANG_CXX_LIBRARY = "libc++";
				CLANG_ENABLE_MODULES = YES;
				CLANG_ENABLE_OBJC_ARC = YES;
				CLANG_ENABLE_OBJC_WEAK = YES;
				CLANG_WARN_BLOCK_CAPTURE_AUTORELEASING = YES;
				CLANG_WARN_BOOL_CONVERSION = YES;
				CLANG_WARN_COMMA = YES;
				CLANG_WARN_CONSTANT_CONVERSION = YES;
				CLANG_WARN_DEPRECATED_OBJC_IMPLEMENTATIONS = YES;
				CLANG_WARN_DIRECT_OBJC_ISA_USAGE = YES_ERROR;
				CLANG_WARN_DOCUMENTATION_COMMENTS = YES;
				CLANG_WARN_EMPTY_BODY = YES;
				CLANG_WARN_ENUM_CONVERSION = YES;
				CLANG_WARN_INFINITE_RECURSION = YES;
				CLANG_WARN_INT_CONVERSION = YES;
				CLANG_WARN_NON_LITERAL_NULL_CONVERSION = YES;
				CLANG_WARN_OBJC_IMPLICIT_RETAIN_SELF = YES;
				CLANG_WARN_OBJC_LITERAL_CONVERSION = YES;
				CLANG_WARN_OBJC_ROOT_CLASS = YES_ERROR;
				CLANG_WARN_RANGE_LOOP_ANALYSIS = YES;
				CLANG_WARN_STRICT_PROTOTYPES = YES;
				CLANG_WARN_SUSPICIOUS_MOVE = YES;
				CLANG_WARN_UNGUARDED_AVAILABILITY = YES_AGGRESSIVE;
				CLANG_WARN_UNREACHABLE_CODE = YES;
				CLANG_WARN__DUPLICATE_METHOD_MATCH = YES;
				COPY_PHASE_STRIP = NO;
				DEBUG_INFORMATION_FORMAT = dwarf;
				ENABLE_STRICT_OBJC_MSGSEND = YES;
				ENABLE_TESTABILITY = YES;
				GCC_C_LANGUAGE_STANDARD = gnu11;
				GCC_DYNAMIC_NO_PIC = NO;
				GCC_NO_COMMON_BLOCKS = YES;
				GCC_OPTIMIZATION_LEVEL = 0;
				GCC_PREPROCESSOR_DEFINITIONS = (
					"DEBUG=1",
					"$(inherited)",
				);
				GCC_WARN_64_TO_32_BIT_CONVERSION = YES;
				GCC_WARN_ABOUT_RETURN_TYPE = YES_ERROR;
				GCC_WARN_UNDECLARED_SELECTOR = YES;
				GCC_WARN_UNINITIALIZED_AUTOS = YES_AGGRESSIVE;
				GCC_WARN_UNUSED_FUNCTION = YES;
				GCC_WARN_UNUSED_VARIABLE = YES;
				IPHONEOS_DEPLOYMENT_TARGET = 13.2;
				MTL_ENABLE_DEBUG_INFO = INCLUDE_SOURCE;
				MTL_FAST_MATH = YES;
				ONLY_ACTIVE_ARCH = YES;
				SDKROOT = iphoneos;
				SWIFT_ACTIVE_COMPILATION_CONDITIONS = DEBUG;
				SWIFT_OPTIMIZATION_LEVEL = "-Onone";
			};
			name = Debug;
		};
		127B3504237FDA78007C7E8F /* Release */ = {
			isa = XCBuildConfiguration;
			buildSettings = {
				ALWAYS_SEARCH_USER_PATHS = NO;
				CLANG_ANALYZER_NONNULL = YES;
				CLANG_ANALYZER_NUMBER_OBJECT_CONVERSION = YES_AGGRESSIVE;
				CLANG_CXX_LANGUAGE_STANDARD = "gnu++14";
				CLANG_CXX_LIBRARY = "libc++";
				CLANG_ENABLE_MODULES = YES;
				CLANG_ENABLE_OBJC_ARC = YES;
				CLANG_ENABLE_OBJC_WEAK = YES;
				CLANG_WARN_BLOCK_CAPTURE_AUTORELEASING = YES;
				CLANG_WARN_BOOL_CONVERSION = YES;
				CLANG_WARN_COMMA = YES;
				CLANG_WARN_CONSTANT_CONVERSION = YES;
				CLANG_WARN_DEPRECATED_OBJC_IMPLEMENTATIONS = YES;
				CLANG_WARN_DIRECT_OBJC_ISA_USAGE = YES_ERROR;
				CLANG_WARN_DOCUMENTATION_COMMENTS = YES;
				CLANG_WARN_EMPTY_BODY = YES;
				CLANG_WARN_ENUM_CONVERSION = YES;
				CLANG_WARN_INFINITE_RECURSION = YES;
				CLANG_WARN_INT_CONVERSION = YES;
				CLANG_WARN_NON_LITERAL_NULL_CONVERSION = YES;
				CLANG_WARN_OBJC_IMPLICIT_RETAIN_SELF = YES;
				CLANG_WARN_OBJC_LITERAL_CONVERSION = YES;
				CLANG_WARN_OBJC_ROOT_CLASS = YES_ERROR;
				CLANG_WARN_RANGE_LOOP_ANALYSIS = YES;
				CLANG_WARN_STRICT_PROTOTYPES = YES;
				CLANG_WARN_SUSPICIOUS_MOVE = YES;
				CLANG_WARN_UNGUARDED_AVAILABILITY = YES_AGGRESSIVE;
				CLANG_WARN_UNREACHABLE_CODE = YES;
				CLANG_WARN__DUPLICATE_METHOD_MATCH = YES;
				COPY_PHASE_STRIP = NO;
				DEBUG_INFORMATION_FORMAT = "dwarf-with-dsym";
				ENABLE_NS_ASSERTIONS = NO;
				ENABLE_STRICT_OBJC_MSGSEND = YES;
				GCC_C_LANGUAGE_STANDARD = gnu11;
				GCC_NO_COMMON_BLOCKS = YES;
				GCC_WARN_64_TO_32_BIT_CONVERSION = YES;
				GCC_WARN_ABOUT_RETURN_TYPE = YES_ERROR;
				GCC_WARN_UNDECLARED_SELECTOR = YES;
				GCC_WARN_UNINITIALIZED_AUTOS = YES_AGGRESSIVE;
				GCC_WARN_UNUSED_FUNCTION = YES;
				GCC_WARN_UNUSED_VARIABLE = YES;
				IPHONEOS_DEPLOYMENT_TARGET = 13.2;
				MTL_ENABLE_DEBUG_INFO = NO;
				MTL_FAST_MATH = YES;
				SDKROOT = iphoneos;
				SWIFT_COMPILATION_MODE = wholemodule;
				SWIFT_OPTIMIZATION_LEVEL = "-O";
				VALIDATE_PRODUCT = YES;
			};
			name = Release;
		};
		127B3506237FDA78007C7E8F /* Debug */ = {
			isa = XCBuildConfiguration;
			baseConfigurationReference = 039A8B61D01AFF9B7814C0C8 /* Pods-unsplash-the-kraken.debug.xcconfig */;
			buildSettings = {
				ASSETCATALOG_COMPILER_APPICON_NAME = AppIcon;
				CODE_SIGN_STYLE = Automatic;
				INFOPLIST_FILE = "unsplash-the-kraken/Info.plist";
				LD_RUNPATH_SEARCH_PATHS = (
					"$(inherited)",
					"@executable_path/Frameworks",
				);
				PRODUCT_BUNDLE_IDENTIFIER = "cermati-test.unsplash-the-kraken";
				PRODUCT_NAME = "$(TARGET_NAME)";
				SWIFT_VERSION = 5.0;
				TARGETED_DEVICE_FAMILY = "1,2";
			};
			name = Debug;
		};
		127B3507237FDA78007C7E8F /* Release */ = {
			isa = XCBuildConfiguration;
			baseConfigurationReference = 75AF23105FBE97EDE8662B2A /* Pods-unsplash-the-kraken.release.xcconfig */;
			buildSettings = {
				ASSETCATALOG_COMPILER_APPICON_NAME = AppIcon;
				CODE_SIGN_STYLE = Automatic;
				INFOPLIST_FILE = "unsplash-the-kraken/Info.plist";
				LD_RUNPATH_SEARCH_PATHS = (
					"$(inherited)",
					"@executable_path/Frameworks",
				);
				PRODUCT_BUNDLE_IDENTIFIER = "cermati-test.unsplash-the-kraken";
				PRODUCT_NAME = "$(TARGET_NAME)";
				SWIFT_VERSION = 5.0;
				TARGETED_DEVICE_FAMILY = "1,2";
			};
			name = Release;
		};
/* End XCBuildConfiguration section */

/* Begin XCConfigurationList section */
		121C8C7924DD5BBA004ED8BA /* Build configuration list for PBXNativeTarget "unsplash-the-krakenTests" */ = {
			isa = XCConfigurationList;
			buildConfigurations = (
				121C8C7724DD5BB9004ED8BA /* Debug */,
				121C8C7824DD5BB9004ED8BA /* Release */,
			);
			defaultConfigurationIsVisible = 0;
			defaultConfigurationName = Release;
		};
		127B34EC237FDA77007C7E8F /* Build configuration list for PBXProject "unsplash-the-kraken" */ = {
			isa = XCConfigurationList;
			buildConfigurations = (
				127B3503237FDA78007C7E8F /* Debug */,
				127B3504237FDA78007C7E8F /* Release */,
			);
			defaultConfigurationIsVisible = 0;
			defaultConfigurationName = Release;
		};
		127B3505237FDA78007C7E8F /* Build configuration list for PBXNativeTarget "unsplash-the-kraken" */ = {
			isa = XCConfigurationList;
			buildConfigurations = (
				127B3506237FDA78007C7E8F /* Debug */,
				127B3507237FDA78007C7E8F /* Release */,
			);
			defaultConfigurationIsVisible = 0;
			defaultConfigurationName = Release;
		};
/* End XCConfigurationList section */
	};
	rootObject = 127B34E9237FDA77007C7E8F /* Project object */;
}
